
Microsoft Visual Studio Solution File, Format Version 12.00
# Visual Studio Version 17
VisualStudioVersion = 17.10.34916.146
MinimumVisualStudioVersion = 10.0.40219.1
Project("{9A19103F-16F7-4668-BE54-9A1E7A4F7556}") = "Ostrovskyi.UI", "Ostrovskyi.UI\Ostrovskyi.UI.csproj", "{36A80283-82BF-41AB-AA24-70713D4B7B8C}"
EndProject
Project("{9A19103F-16F7-4668-BE54-9A1E7A4F7556}") = "Cloth.Domain", "Cloth.Domain\Cloth.Domain.csproj", "{D9A874B9-F982-477A-95A4-95B9F8B22666}"
EndProject
Project("{9A19103F-16F7-4668-BE54-9A1E7A4F7556}") = "Ostrovskyi.API", "Ostrovskyi.API\Ostrovskyi.API.csproj", "{5758ABC8-2873-4704-BC65-29F6D9A37BD6}"
EndProject
Project("{FAE04EC0-301F-11D3-BF4B-00C04F79EFBC}") = "OS.TESTS", "OS.TESTS\OS.TESTS.csproj", "{FB364B46-D4B3-4820-9511-0F5D63420DC1}"
EndProject
Project("{FAE04EC0-301F-11D3-BF4B-00C04F79EFBC}") = "OS.BLAZOR", "OS.BLAZOR\OS.BLAZOR.csproj", "{21010C21-A41C-4C2A-9E3A-2BB2D45281A0}"
EndProject
Global
	GlobalSection(SolutionConfigurationPlatforms) = preSolution
		Debug|Any CPU = Debug|Any CPU
		Release|Any CPU = Release|Any CPU
	EndGlobalSection
	GlobalSection(ProjectConfigurationPlatforms) = postSolution
		{36A80283-82BF-41AB-AA24-70713D4B7B8C}.Debug|Any CPU.ActiveCfg = Debug|Any CPU
		{36A80283-82BF-41AB-AA24-70713D4B7B8C}.Debug|Any CPU.Build.0 = Debug|Any CPU
		{36A80283-82BF-41AB-AA24-70713D4B7B8C}.Release|Any CPU.ActiveCfg = Release|Any CPU
		{36A80283-82BF-41AB-AA24-70713D4B7B8C}.Release|Any CPU.Build.0 = Release|Any CPU
		{D9A874B9-F982-477A-95A4-95B9F8B22666}.Debug|Any CPU.ActiveCfg = Debug|Any CPU
		{D9A874B9-F982-477A-95A4-95B9F8B22666}.Debug|Any CPU.Build.0 = Debug|Any CPU
		{D9A874B9-F982-477A-95A4-95B9F8B22666}.Release|Any CPU.ActiveCfg = Release|Any CPU
		{D9A874B9-F982-477A-95A4-95B9F8B22666}.Release|Any CPU.Build.0 = Release|Any CPU
		{5758ABC8-2873-4704-BC65-29F6D9A37BD6}.Debug|Any CPU.ActiveCfg = Debug|Any CPU
		{5758ABC8-2873-4704-BC65-29F6D9A37BD6}.Debug|Any CPU.Build.0 = Debug|Any CPU
		{5758ABC8-2873-4704-BC65-29F6D9A37BD6}.Release|Any CPU.ActiveCfg = Release|Any CPU
		{5758ABC8-2873-4704-BC65-29F6D9A37BD6}.Release|Any CPU.Build.0 = Release|Any CPU
		{FB364B46-D4B3-4820-9511-0F5D63420DC1}.Debug|Any CPU.ActiveCfg = Debug|Any CPU
		{FB364B46-D4B3-4820-9511-0F5D63420DC1}.Debug|Any CPU.Build.0 = Debug|Any CPU
		{FB364B46-D4B3-4820-9511-0F5D63420DC1}.Release|Any CPU.ActiveCfg = Release|Any CPU
		{FB364B46-D4B3-4820-9511-0F5D63420DC1}.Release|Any CPU.Build.0 = Release|Any CPU
		{21010C21-A41C-4C2A-9E3A-2BB2D45281A0}.Debug|Any CPU.ActiveCfg = Debug|Any CPU
		{21010C21-A41C-4C2A-9E3A-2BB2D45281A0}.Debug|Any CPU.Build.0 = Debug|Any CPU
		{21010C21-A41C-4C2A-9E3A-2BB2D45281A0}.Release|Any CPU.ActiveCfg = Release|Any CPU
		{21010C21-A41C-4C2A-9E3A-2BB2D45281A0}.Release|Any CPU.Build.0 = Release|Any CPU
	EndGlobalSection
	GlobalSection(SolutionProperties) = preSolution
		HideSolutionNode = FALSE
	EndGlobalSection
	GlobalSection(ExtensibilityGlobals) = postSolution
		SolutionGuid = {47D359BE-5E8F-41CC-95E3-2D4CB28FF8E5}
	EndGlobalSection
EndGlobal
